{
  "nodes": {
    "nixpkgs": {
      "locked": {
        "lastModified": 1775126147,
        "narHash": "sha256-J0dZU4atgcfo4QvM9D92uQ0Oe1eLTxBVXjJzdEMQpD0=",
        "owner": "nixos",
        "repo": "nixpkgs",
        "rev": "8d8c1fa5b412c223ffa47410867813290cdedfef",
        "type": "github"
      },
      "original": {
        "owner": "nixos",
        "ref": "nixpkgs-unstable",
        "repo": "nixpkgs",
        "type": "github"
      }
    },
    "root": {
      "inputs": {
        "nixpkgs": "nixpkgs",
        "systems": "systems",
        "trev": "trev"
      }
    },
    "schema": {
      "locked": {
        "lastModified": 1773853635,
        "narHash": "sha256-4VHWij4EWNqy1iZr6OxNB6cuv5tDjMwAL/J1SBLFU2Q=",
        "owner": "DeterminateSystems",
        "repo": "flake-schemas",
        "rev": "19686d6f3da8d4db959523f32eb1b50de9f18301",
        "type": "github"
      },
      "original": {
        "owner": "DeterminateSystems",
        "repo": "flake-schemas",
        "type": "github"
      }
    },
    "systems": {
      "locked": {
        "lastModified": 1681028828,
        "narHash": "sha256-Vy1rq5AaRuLzOxct8nz4T6wlgyUR7zLU309k9mBC768=",
        "owner": "nix-systems",
        "repo": "default",
        "rev": "da67096a3b9bf56a91d16901293e51ba5b49a27e",
        "type": "github"
      },
      "original": {
        "owner": "nix-systems",
        "repo": "default",
        "type": "github"
      }
    },
    "trev": {
      "inputs": {
        "nixpkgs": [
          "nixpkgs"
        ],
        "schema": "schema",
        "systems": [
          "systems"
        ]
      },
      "locked": {
        "lastModified": 1775367450,
        "narHash": "sha256-gUD9f/aFIO/MSkgfzjzs4Rf2IZ8mdlzGRSVLktOWKVQ=",
        "owner": "spotdemo4",
        "repo": "nur",
        "rev": "ba3014585bd3c26fb25e26b9b363041e233cb521",
        "type": "github"
      },
      "original": {
        "owner": "spotdemo4",
        "repo": "nur",
        "type": "github"
      }
    }
  },
  "root": "root",
  "version": 7
}
